
Microsoft Visual Studio Solution File, Format Version 12.00
# Visual Studio 2013
VisualStudioVersion = 12.0.30723.0
MinimumVisualStudioVersion = 10.0.40219.1
Project("{FAE04EC0-301F-11D3-BF4B-00C04F79EFBC}") = "DataDrivenRules", "DataDrivenRules\DataDrivenRules.csproj", "{A66229CA-2FC1-4DE2-B597-C1B7820A8D7E}"
EndProject
Project("{FAE04EC0-301F-11D3-BF4B-00C04F79EFBC}") = "DataDrivenRule_UnitTest", "DataDrivenRule_UnitTest\DataDrivenRule_UnitTest.csproj", "{2856D891-1E60-4531-8EFE-5606A5FF7BB1}"
EndProject
Global
	GlobalSection(SolutionConfigurationPlatforms) = preSolution
		Debug|Any CPU = Debug|Any CPU
		Release|Any CPU = Release|Any CPU
	EndGlobalSection
	GlobalSection(ProjectConfigurationPlatforms) = postSolution
		{A66229CA-2FC1-4DE2-B597-C1B7820A8D7E}.Debug|Any CPU.ActiveCfg = Debug|Any CPU
		{A66229CA-2FC1-4DE2-B597-C1B7820A8D7E}.Debug|Any CPU.Build.0 = Debug|Any CPU
		{A66229CA-2FC1-4DE2-B597-C1B7820A8D7E}.Release|Any CPU.ActiveCfg = Release|Any CPU
		{A66229CA-2FC1-4DE2-B597-C1B7820A8D7E}.Release|Any CPU.Build.0 = Release|Any CPU
		{2856D891-1E60-4531-8EFE-5606A5FF7BB1}.Debug|Any CPU.ActiveCfg = Debug|Any CPU
		{2856D891-1E60-4531-8EFE-5606A5FF7BB1}.Debug|Any CPU.Build.0 = Debug|Any CPU
		{2856D891-1E60-4531-8EFE-5606A5FF7BB1}.Release|Any CPU.ActiveCfg = Release|Any CPU
		{2856D891-1E60-4531-8EFE-5606A5FF7BB1}.Release|Any CPU.Build.0 = Release|Any CPU
	EndGlobalSection
	GlobalSection(SolutionProperties) = preSolution
		HideSolutionNode = FALSE
	EndGlobalSection
EndGlobal
